// !$*UTF8*$!
{
	archiveVersion = 1;
	classes = {
	};
	objectVersion = 60;
	objects = {

/* Begin PBXBuildFile section */
		583437B82B53AA840081B092 /* RoundedCorner.swift in Sources */ = {isa = PBXBuildFile; fileRef = 583437B72B53AA840081B092 /* RoundedCorner.swift */; };
		583F0AA52B5D2A8600F83B32 /* WANetworkAPI in Frameworks */ = {isa = PBXBuildFile; productRef = 583F0AA42B5D2A8600F83B32 /* WANetworkAPI */; };
		583F0AA82B5D2D3500F83B32 /* StoreEnvironment.swift in Sources */ = {isa = PBXBuildFile; fileRef = 583F0AA72B5D2D3500F83B32 /* StoreEnvironment.swift */; };
		583F0AAD2B5D342500F83B32 /* WANetworkAPI in Resources */ = {isa = PBXBuildFile; fileRef = 583F0AAC2B5D342500F83B32 /* WANetworkAPI */; };
		584BBE262B52C07700649628 /* Font+NanumGothic.swift in Sources */ = {isa = PBXBuildFile; fileRef = 584BBE252B52C07700649628 /* Font+NanumGothic.swift */; };
		584BBE2C2B52C57B00649628 /* NanumGothicBold.otf in Resources */ = {isa = PBXBuildFile; fileRef = 584BBE282B52C57B00649628 /* NanumGothicBold.otf */; };
		584BBE2D2B52C57B00649628 /* NanumGothic.otf in Resources */ = {isa = PBXBuildFile; fileRef = 584BBE292B52C57B00649628 /* NanumGothic.otf */; };
		584BBE2E2B52C57B00649628 /* NanumGothicExtraBold.otf in Resources */ = {isa = PBXBuildFile; fileRef = 584BBE2A2B52C57B00649628 /* NanumGothicExtraBold.otf */; };
		584BBE2F2B52C57B00649628 /* NanumGothicLight.otf in Resources */ = {isa = PBXBuildFile; fileRef = 584BBE2B2B52C57B00649628 /* NanumGothicLight.otf */; };
		584BBE312B52CD1F00649628 /* Calendar.swift in Sources */ = {isa = PBXBuildFile; fileRef = 584BBE302B52CD1F00649628 /* Calendar.swift */; };
		584BBE332B52D19000649628 /* UnreadMessageBubble.swift in Sources */ = {isa = PBXBuildFile; fileRef = 584BBE322B52D19000649628 /* UnreadMessageBubble.swift */; };
		584BBE362B52D1C800649628 /* ChannelListScreen.swift in Sources */ = {isa = PBXBuildFile; fileRef = 584BBE352B52D1C800649628 /* ChannelListScreen.swift */; };
		584BBE3C2B52D43900649628 /* EdgeInsets.swift in Sources */ = {isa = PBXBuildFile; fileRef = 584BBE3B2B52D43900649628 /* EdgeInsets.swift */; };
		584BBE3F2B52D99700649628 /* HomeScreen.swift in Sources */ = {isa = PBXBuildFile; fileRef = 584BBE3E2B52D99700649628 /* HomeScreen.swift */; };
		584BBE412B52DB1B00649628 /* WelcomeScreen.swift in Sources */ = {isa = PBXBuildFile; fileRef = 584BBE402B52DB1B00649628 /* WelcomeScreen.swift */; };
		584BBE432B52E04C00649628 /* StringStyleable.swift in Sources */ = {isa = PBXBuildFile; fileRef = 584BBE422B52E04C00649628 /* StringStyleable.swift */; };
		584BBE452B52E0E400649628 /* Text+StringStyleable.swift in Sources */ = {isa = PBXBuildFile; fileRef = 584BBE442B52E0E400649628 /* Text+StringStyleable.swift */; };
		584BBE482B52E6CF00649628 /* MainScreen.swift in Sources */ = {isa = PBXBuildFile; fileRef = 584BBE472B52E6CF00649628 /* MainScreen.swift */; };
		584BBE4C2B5308CE00649628 /* MessageDetailScreen.swift in Sources */ = {isa = PBXBuildFile; fileRef = 584BBE4B2B5308CE00649628 /* MessageDetailScreen.swift */; };
		584BBE522B531CA000649628 /* SizableView.swift in Sources */ = {isa = PBXBuildFile; fileRef = 584BBE512B531CA000649628 /* SizableView.swift */; };
		584BBE552B53209A00649628 /* MessageFromUserItem.swift in Sources */ = {isa = PBXBuildFile; fileRef = 584BBE542B53209A00649628 /* MessageFromUserItem.swift */; };
		584BBE592B5320CB00649628 /* MessageDateItem.swift in Sources */ = {isa = PBXBuildFile; fileRef = 584BBE582B5320CB00649628 /* MessageDateItem.swift */; };
		584BBE5B2B5320DA00649628 /* MessageFromOtherItem.swift in Sources */ = {isa = PBXBuildFile; fileRef = 584BBE5A2B5320DA00649628 /* MessageFromOtherItem.swift */; };
		5866D92F2B5D110D00299A74 /* ComposableArchitecture in Frameworks */ = {isa = PBXBuildFile; productRef = 5866D92E2B5D110D00299A74 /* ComposableArchitecture */; };
		5866D9392B5D161B00299A74 /* WANetworkAPI in Frameworks */ = {isa = PBXBuildFile; fileRef = 5866D9382B5D161B00299A74 /* WANetworkAPI */; };
		5870521F2B503C1D00E08A89 /* whatsappApp.swift in Sources */ = {isa = PBXBuildFile; fileRef = 5870521E2B503C1D00E08A89 /* whatsappApp.swift */; };
		587052212B503C1D00E08A89 /* ContentView.swift in Sources */ = {isa = PBXBuildFile; fileRef = 587052202B503C1D00E08A89 /* ContentView.swift */; };
		587052232B503C2100E08A89 /* Assets.xcassets in Resources */ = {isa = PBXBuildFile; fileRef = 587052222B503C2100E08A89 /* Assets.xcassets */; };
		587052262B503C2100E08A89 /* Preview Assets.xcassets in Resources */ = {isa = PBXBuildFile; fileRef = 587052252B503C2100E08A89 /* Preview Assets.xcassets */; };
		587052282B503C2100E08A89 /* Persistence.swift in Sources */ = {isa = PBXBuildFile; fileRef = 587052272B503C2100E08A89 /* Persistence.swift */; };
		5870522B2B503C2100E08A89 /* whatsapp.xcdatamodeld in Sources */ = {isa = PBXBuildFile; fileRef = 587052292B503C2100E08A89 /* whatsapp.xcdatamodeld */; };
		587052352B503C2200E08A89 /* whatsappTests.swift in Sources */ = {isa = PBXBuildFile; fileRef = 587052342B503C2200E08A89 /* whatsappTests.swift */; };
		5870523F2B503C2200E08A89 /* whatsappUITests.swift in Sources */ = {isa = PBXBuildFile; fileRef = 5870523E2B503C2200E08A89 /* whatsappUITests.swift */; };
		587052412B503C2200E08A89 /* whatsappUITestsLaunchTests.swift in Sources */ = {isa = PBXBuildFile; fileRef = 587052402B503C2200E08A89 /* whatsappUITestsLaunchTests.swift */; };
		587052512B50409900E08A89 /* MessageListItem.swift in Sources */ = {isa = PBXBuildFile; fileRef = 587052502B50409900E08A89 /* MessageListItem.swift */; };
		58A023B62B789C4F0080EBCD /* ServiceDependency+Mock.swift in Sources */ = {isa = PBXBuildFile; fileRef = 58A023B52B789C4F0080EBCD /* ServiceDependency+Mock.swift */; };
		58A023B82B789C800080EBCD /* ChannelListService+Mock.swift in Sources */ = {isa = PBXBuildFile; fileRef = 58A023B72B789C800080EBCD /* ChannelListService+Mock.swift */; };
		58A023BA2B789FAD0080EBCD /* Date+Extension.swift in Sources */ = {isa = PBXBuildFile; fileRef = 58A023B92B789FAD0080EBCD /* Date+Extension.swift */; };
		58A023BC2B78BA570080EBCD /* WANetworkAPI in Embed Frameworks */ = {isa = PBXBuildFile; productRef = 583F0AA42B5D2A8600F83B32 /* WANetworkAPI */; settings = {ATTRIBUTES = (CodeSignOnCopy, ); }; };
		58B0341B2B701B980012CA0D /* Kingfisher in Frameworks */ = {isa = PBXBuildFile; productRef = 58B0341A2B701B980012CA0D /* Kingfisher */; };
		58E0170F2B820688005AD74A /* Algorithms in Frameworks */ = {isa = PBXBuildFile; productRef = 58E0170E2B820688005AD74A /* Algorithms */; };
		58E434EA2B6E9E8D0099D490 /* LoginScreen.swift in Sources */ = {isa = PBXBuildFile; fileRef = 58E434E92B6E9E8D0099D490 /* LoginScreen.swift */; };
		58E434ED2B6EA3A30099D490 /* LoginReducer.swift in Sources */ = {isa = PBXBuildFile; fileRef = 58E434EC2B6EA3A30099D490 /* LoginReducer.swift */; };
		58E434F22B6F2DD10099D490 /* LoginService.swift in Sources */ = {isa = PBXBuildFile; fileRef = 58E434F12B6F2DD10099D490 /* LoginService.swift */; };
		58E434F72B6F2F950099D490 /* ServiceDependency.swift in Sources */ = {isa = PBXBuildFile; fileRef = 58E434F62B6F2F950099D490 /* ServiceDependency.swift */; };
		58E434F92B6F30690099D490 /* MainReducer.swift in Sources */ = {isa = PBXBuildFile; fileRef = 58E434F82B6F30690099D490 /* MainReducer.swift */; };
		58E435002B6F3DA60099D490 /* ChannelListReducer.swift in Sources */ = {isa = PBXBuildFile; fileRef = 58E434FE2B6F3DA60099D490 /* ChannelListReducer.swift */; };
		58E435012B6F3DA60099D490 /* Channel.swift in Sources */ = {isa = PBXBuildFile; fileRef = 58E434FF2B6F3DA60099D490 /* Channel.swift */; };
		58F1F0B42B6F6E74007A5DCC /* ChannelListService.swift in Sources */ = {isa = PBXBuildFile; fileRef = 58F1F0B32B6F6E74007A5DCC /* ChannelListService.swift */; };
		58F1F0B92B6FA2DF007A5DCC /* WAFoundation in Resources */ = {isa = PBXBuildFile; fileRef = 58F1F0B82B6FA2DF007A5DCC /* WAFoundation */; };
/* End PBXBuildFile section */

/* Begin PBXContainerItemProxy section */
		587052312B503C2200E08A89 /* PBXContainerItemProxy */ = {
			isa = PBXContainerItemProxy;
			containerPortal = 587052132B503C1C00E08A89 /* Project object */;
			proxyType = 1;
			remoteGlobalIDString = 5870521A2B503C1D00E08A89;
			remoteInfo = whatsapp;
		};
		5870523B2B503C2200E08A89 /* PBXContainerItemProxy */ = {
			isa = PBXContainerItemProxy;
			containerPortal = 587052132B503C1C00E08A89 /* Project object */;
			proxyType = 1;
			remoteGlobalIDString = 5870521A2B503C1D00E08A89;
			remoteInfo = whatsapp;
		};
/* End PBXContainerItemProxy section */

/* Begin PBXCopyFilesBuildPhase section */
		58A023BD2B78BA570080EBCD /* Embed Frameworks */ = {
			isa = PBXCopyFilesBuildPhase;
			buildActionMask = 2147483647;
			dstPath = "";
			dstSubfolderSpec = 10;
			files = (
				58A023BC2B78BA570080EBCD /* WANetworkAPI in Embed Frameworks */,
			);
			name = "Embed Frameworks";
			runOnlyForDeploymentPostprocessing = 0;
		};
/* End PBXCopyFilesBuildPhase section */

/* Begin PBXFileReference section */
		583437B72B53AA840081B092 /* RoundedCorner.swift */ = {isa = PBXFileReference; lastKnownFileType = sourcecode.swift; path = RoundedCorner.swift; sourceTree = "<group>"; };
		583F0AA72B5D2D3500F83B32 /* StoreEnvironment.swift */ = {isa = PBXFileReference; lastKnownFileType = sourcecode.swift; path = StoreEnvironment.swift; sourceTree = "<group>"; };
		583F0AA92B5D308E00F83B32 /* Info.plist */ = {isa = PBXFileReference; lastKnownFileType = text.plist; path = Info.plist; sourceTree = "<group>"; };
		583F0AAC2B5D342500F83B32 /* WANetworkAPI */ = {isa = PBXFileReference; lastKnownFileType = wrapper; path = WANetworkAPI; sourceTree = "<group>"; };
		584BBE252B52C07700649628 /* Font+NanumGothic.swift */ = {isa = PBXFileReference; lastKnownFileType = sourcecode.swift; path = "Font+NanumGothic.swift"; sourceTree = "<group>"; };
		584BBE282B52C57B00649628 /* NanumGothicBold.otf */ = {isa = PBXFileReference; lastKnownFileType = file; path = NanumGothicBold.otf; sourceTree = "<group>"; };
		584BBE292B52C57B00649628 /* NanumGothic.otf */ = {isa = PBXFileReference; lastKnownFileType = file; path = NanumGothic.otf; sourceTree = "<group>"; };
		584BBE2A2B52C57B00649628 /* NanumGothicExtraBold.otf */ = {isa = PBXFileReference; lastKnownFileType = file; path = NanumGothicExtraBold.otf; sourceTree = "<group>"; };
		584BBE2B2B52C57B00649628 /* NanumGothicLight.otf */ = {isa = PBXFileReference; lastKnownFileType = file; path = NanumGothicLight.otf; sourceTree = "<group>"; };
		584BBE302B52CD1F00649628 /* Calendar.swift */ = {isa = PBXFileReference; lastKnownFileType = sourcecode.swift; path = Calendar.swift; sourceTree = "<group>"; };
		584BBE322B52D19000649628 /* UnreadMessageBubble.swift */ = {isa = PBXFileReference; lastKnownFileType = sourcecode.swift; path = UnreadMessageBubble.swift; sourceTree = "<group>"; };
		584BBE352B52D1C800649628 /* ChannelListScreen.swift */ = {isa = PBXFileReference; lastKnownFileType = sourcecode.swift; path = ChannelListScreen.swift; sourceTree = "<group>"; };
		584BBE3B2B52D43900649628 /* EdgeInsets.swift */ = {isa = PBXFileReference; lastKnownFileType = sourcecode.swift; path = EdgeInsets.swift; sourceTree = "<group>"; };
		584BBE3E2B52D99700649628 /* HomeScreen.swift */ = {isa = PBXFileReference; lastKnownFileType = sourcecode.swift; path = HomeScreen.swift; sourceTree = "<group>"; };
		584BBE402B52DB1B00649628 /* WelcomeScreen.swift */ = {isa = PBXFileReference; lastKnownFileType = sourcecode.swift; path = WelcomeScreen.swift; sourceTree = "<group>"; };
		584BBE422B52E04C00649628 /* StringStyleable.swift */ = {isa = PBXFileReference; lastKnownFileType = sourcecode.swift; path = StringStyleable.swift; sourceTree = "<group>"; };
		584BBE442B52E0E400649628 /* Text+StringStyleable.swift */ = {isa = PBXFileReference; lastKnownFileType = sourcecode.swift; path = "Text+StringStyleable.swift"; sourceTree = "<group>"; };
		584BBE472B52E6CF00649628 /* MainScreen.swift */ = {isa = PBXFileReference; lastKnownFileType = sourcecode.swift; path = MainScreen.swift; sourceTree = "<group>"; };
		584BBE4B2B5308CE00649628 /* MessageDetailScreen.swift */ = {isa = PBXFileReference; lastKnownFileType = sourcecode.swift; path = MessageDetailScreen.swift; sourceTree = "<group>"; };
		584BBE512B531CA000649628 /* SizableView.swift */ = {isa = PBXFileReference; lastKnownFileType = sourcecode.swift; path = SizableView.swift; sourceTree = "<group>"; };
		584BBE542B53209A00649628 /* MessageFromUserItem.swift */ = {isa = PBXFileReference; lastKnownFileType = sourcecode.swift; path = MessageFromUserItem.swift; sourceTree = "<group>"; };
		584BBE582B5320CB00649628 /* MessageDateItem.swift */ = {isa = PBXFileReference; lastKnownFileType = sourcecode.swift; path = MessageDateItem.swift; sourceTree = "<group>"; };
		584BBE5A2B5320DA00649628 /* MessageFromOtherItem.swift */ = {isa = PBXFileReference; lastKnownFileType = sourcecode.swift; path = MessageFromOtherItem.swift; sourceTree = "<group>"; };
		5866D9382B5D161B00299A74 /* WANetworkAPI */ = {isa = PBXFileReference; lastKnownFileType = wrapper; name = WANetworkAPI; path = Project/WANetworkAPI; sourceTree = "<group>"; };
		5870521B2B503C1D00E08A89 /* whatsapp.app */ = {isa = PBXFileReference; explicitFileType = wrapper.application; includeInIndex = 0; path = whatsapp.app; sourceTree = BUILT_PRODUCTS_DIR; };
		5870521E2B503C1D00E08A89 /* whatsappApp.swift */ = {isa = PBXFileReference; lastKnownFileType = sourcecode.swift; path = whatsappApp.swift; sourceTree = "<group>"; };
		587052202B503C1D00E08A89 /* ContentView.swift */ = {isa = PBXFileReference; lastKnownFileType = sourcecode.swift; path = ContentView.swift; sourceTree = "<group>"; };
		587052222B503C2100E08A89 /* Assets.xcassets */ = {isa = PBXFileReference; lastKnownFileType = folder.assetcatalog; path = Assets.xcassets; sourceTree = "<group>"; };
		587052252B503C2100E08A89 /* Preview Assets.xcassets */ = {isa = PBXFileReference; lastKnownFileType = folder.assetcatalog; path = "Preview Assets.xcassets"; sourceTree = "<group>"; };
		587052272B503C2100E08A89 /* Persistence.swift */ = {isa = PBXFileReference; lastKnownFileType = sourcecode.swift; path = Persistence.swift; sourceTree = "<group>"; };
		5870522A2B503C2100E08A89 /* whatsapp.xcdatamodel */ = {isa = PBXFileReference; lastKnownFileType = wrapper.xcdatamodel; path = whatsapp.xcdatamodel; sourceTree = "<group>"; };
		587052302B503C2200E08A89 /* whatsappTests.xctest */ = {isa = PBXFileReference; explicitFileType = wrapper.cfbundle; includeInIndex = 0; path = whatsappTests.xctest; sourceTree = BUILT_PRODUCTS_DIR; };
		587052342B503C2200E08A89 /* whatsappTests.swift */ = {isa = PBXFileReference; lastKnownFileType = sourcecode.swift; path = whatsappTests.swift; sourceTree = "<group>"; };
		5870523A2B503C2200E08A89 /* whatsappUITests.xctest */ = {isa = PBXFileReference; explicitFileType = wrapper.cfbundle; includeInIndex = 0; path = whatsappUITests.xctest; sourceTree = BUILT_PRODUCTS_DIR; };
		5870523E2B503C2200E08A89 /* whatsappUITests.swift */ = {isa = PBXFileReference; lastKnownFileType = sourcecode.swift; path = whatsappUITests.swift; sourceTree = "<group>"; };
		587052402B503C2200E08A89 /* whatsappUITestsLaunchTests.swift */ = {isa = PBXFileReference; lastKnownFileType = sourcecode.swift; path = whatsappUITestsLaunchTests.swift; sourceTree = "<group>"; };
		587052502B50409900E08A89 /* MessageListItem.swift */ = {isa = PBXFileReference; lastKnownFileType = sourcecode.swift; path = MessageListItem.swift; sourceTree = "<group>"; };
		58A023B52B789C4F0080EBCD /* ServiceDependency+Mock.swift */ = {isa = PBXFileReference; lastKnownFileType = sourcecode.swift; path = "ServiceDependency+Mock.swift"; sourceTree = "<group>"; };
		58A023B72B789C800080EBCD /* ChannelListService+Mock.swift */ = {isa = PBXFileReference; lastKnownFileType = sourcecode.swift; path = "ChannelListService+Mock.swift"; sourceTree = "<group>"; };
		58A023B92B789FAD0080EBCD /* Date+Extension.swift */ = {isa = PBXFileReference; lastKnownFileType = sourcecode.swift; path = "Date+Extension.swift"; sourceTree = "<group>"; };
		58E434E92B6E9E8D0099D490 /* LoginScreen.swift */ = {isa = PBXFileReference; lastKnownFileType = sourcecode.swift; path = LoginScreen.swift; sourceTree = "<group>"; };
		58E434EC2B6EA3A30099D490 /* LoginReducer.swift */ = {isa = PBXFileReference; lastKnownFileType = sourcecode.swift; path = LoginReducer.swift; sourceTree = "<group>"; };
		58E434F12B6F2DD10099D490 /* LoginService.swift */ = {isa = PBXFileReference; lastKnownFileType = sourcecode.swift; path = LoginService.swift; sourceTree = "<group>"; };
		58E434F62B6F2F950099D490 /* ServiceDependency.swift */ = {isa = PBXFileReference; lastKnownFileType = sourcecode.swift; path = ServiceDependency.swift; sourceTree = "<group>"; };
		58E434F82B6F30690099D490 /* MainReducer.swift */ = {isa = PBXFileReference; lastKnownFileType = sourcecode.swift; path = MainReducer.swift; sourceTree = "<group>"; };
		58E434FE2B6F3DA60099D490 /* ChannelListReducer.swift */ = {isa = PBXFileReference; fileEncoding = 4; lastKnownFileType = sourcecode.swift; path = ChannelListReducer.swift; sourceTree = "<group>"; };
		58E434FF2B6F3DA60099D490 /* Channel.swift */ = {isa = PBXFileReference; fileEncoding = 4; lastKnownFileType = sourcecode.swift; path = Channel.swift; sourceTree = "<group>"; };
		58F1F0B32B6F6E74007A5DCC /* ChannelListService.swift */ = {isa = PBXFileReference; lastKnownFileType = sourcecode.swift; path = ChannelListService.swift; sourceTree = "<group>"; };
		58F1F0B82B6FA2DF007A5DCC /* WAFoundation */ = {isa = PBXFileReference; lastKnownFileType = wrapper; path = WAFoundation; sourceTree = "<group>"; };
/* End PBXFileReference section */

/* Begin PBXFrameworksBuildPhase section */
		587052182B503C1D00E08A89 /* Frameworks */ = {
			isa = PBXFrameworksBuildPhase;
			buildActionMask = 2147483647;
			files = (
				58B0341B2B701B980012CA0D /* Kingfisher in Frameworks */,
				583F0AA52B5D2A8600F83B32 /* WANetworkAPI in Frameworks */,
				5866D9392B5D161B00299A74 /* WANetworkAPI in Frameworks */,
				58E0170F2B820688005AD74A /* Algorithms in Frameworks */,
				5866D92F2B5D110D00299A74 /* ComposableArchitecture in Frameworks */,
			);
			runOnlyForDeploymentPostprocessing = 0;
		};
		5870522D2B503C2200E08A89 /* Frameworks */ = {
			isa = PBXFrameworksBuildPhase;
			buildActionMask = 2147483647;
			files = (
			);
			runOnlyForDeploymentPostprocessing = 0;
		};
		587052372B503C2200E08A89 /* Frameworks */ = {
			isa = PBXFrameworksBuildPhase;
			buildActionMask = 2147483647;
			files = (
			);
			runOnlyForDeploymentPostprocessing = 0;
		};
/* End PBXFrameworksBuildPhase section */

/* Begin PBXGroup section */
		583437B62B53AA7B0081B092 /* Shape */ = {
			isa = PBXGroup;
			children = (
				583437B72B53AA840081B092 /* RoundedCorner.swift */,
			);
			path = Shape;
			sourceTree = "<group>";
		};
		583F0AA62B5D2D2400F83B32 /* Environment */ = {
			isa = PBXGroup;
			children = (
				583F0AA72B5D2D3500F83B32 /* StoreEnvironment.swift */,
			);
			path = Environment;
			sourceTree = "<group>";
		};
		583F0AAB2B5D342500F83B32 /* Project */ = {
			isa = PBXGroup;
			children = (
				58F1F0B82B6FA2DF007A5DCC /* WAFoundation */,
				583F0AAC2B5D342500F83B32 /* WANetworkAPI */,
			);
			path = Project;
			sourceTree = "<group>";
		};
		584BBDFA2B52BE6B00649628 /* Resource */ = {
			isa = PBXGroup;
			children = (
				587052242B503C2100E08A89 /* Preview Content */,
				584BBE272B52C57B00649628 /* NanumFontSetup_OTF_GOTHIC */,
				587052222B503C2100E08A89 /* Assets.xcassets */,
				587052292B503C2100E08A89 /* whatsapp.xcdatamodeld */,
			);
			path = Resource;
			sourceTree = "<group>";
		};
		584BBE232B52C06200649628 /* Util */ = {
			isa = PBXGroup;
			children = (
				584BBE242B52C06A00649628 /* Extension */,
			);
			path = Util;
			sourceTree = "<group>";
		};
		584BBE242B52C06A00649628 /* Extension */ = {
			isa = PBXGroup;
			children = (
				584BBE252B52C07700649628 /* Font+NanumGothic.swift */,
				584BBE302B52CD1F00649628 /* Calendar.swift */,
				584BBE3B2B52D43900649628 /* EdgeInsets.swift */,
				584BBE422B52E04C00649628 /* StringStyleable.swift */,
				584BBE442B52E0E400649628 /* Text+StringStyleable.swift */,
				58A023B92B789FAD0080EBCD /* Date+Extension.swift */,
			);
			path = Extension;
			sourceTree = "<group>";
		};
		584BBE272B52C57B00649628 /* NanumFontSetup_OTF_GOTHIC */ = {
			isa = PBXGroup;
			children = (
				584BBE282B52C57B00649628 /* NanumGothicBold.otf */,
				584BBE292B52C57B00649628 /* NanumGothic.otf */,
				584BBE2A2B52C57B00649628 /* NanumGothicExtraBold.otf */,
				584BBE2B2B52C57B00649628 /* NanumGothicLight.otf */,
			);
			path = NanumFontSetup_OTF_GOTHIC;
			sourceTree = "<group>";
		};
		584BBE342B52D1BC00649628 /* Screen */ = {
			isa = PBXGroup;
			children = (
				58E434E82B6E9E810099D490 /* LoginScreen */,
				584BBE4A2B5308BF00649628 /* MessageDetailScreen */,
				584BBE492B52E6D200649628 /* WelcomeScreen */,
				584BBE462B52E6C600649628 /* Main */,
				584BBE3D2B52D98E00649628 /* Home */,
				584BBE372B52D20700649628 /* MessageList */,
			);
			path = Screen;
			sourceTree = "<group>";
		};
		584BBE372B52D20700649628 /* MessageList */ = {
			isa = PBXGroup;
			children = (
				58A023B42B789B7E0080EBCD /* Model */,
				58E434FE2B6F3DA60099D490 /* ChannelListReducer.swift */,
				584BBE352B52D1C800649628 /* ChannelListScreen.swift */,
				58F1F0B32B6F6E74007A5DCC /* ChannelListService.swift */,
				58A023B72B789C800080EBCD /* ChannelListService+Mock.swift */,
			);
			path = MessageList;
			sourceTree = "<group>";
		};
		584BBE3D2B52D98E00649628 /* Home */ = {
			isa = PBXGroup;
			children = (
				584BBE3E2B52D99700649628 /* HomeScreen.swift */,
			);
			path = Home;
			sourceTree = "<group>";
		};
		584BBE462B52E6C600649628 /* Main */ = {
			isa = PBXGroup;
			children = (
				584BBE472B52E6CF00649628 /* MainScreen.swift */,
				58E434F82B6F30690099D490 /* MainReducer.swift */,
			);
			path = Main;
			sourceTree = "<group>";
		};
		584BBE492B52E6D200649628 /* WelcomeScreen */ = {
			isa = PBXGroup;
			children = (
				584BBE402B52DB1B00649628 /* WelcomeScreen.swift */,
			);
			path = WelcomeScreen;
			sourceTree = "<group>";
		};
		584BBE4A2B5308BF00649628 /* MessageDetailScreen */ = {
			isa = PBXGroup;
			children = (
				584BBE4B2B5308CE00649628 /* MessageDetailScreen.swift */,
			);
			path = MessageDetailScreen;
			sourceTree = "<group>";
		};
		584BBE502B531C9500649628 /* SizableView */ = {
			isa = PBXGroup;
			children = (
				584BBE512B531CA000649628 /* SizableView.swift */,
			);
			path = SizableView;
			sourceTree = "<group>";
		};
		584BBE532B53208200649628 /* MessageFromUserItem */ = {
			isa = PBXGroup;
			children = (
				584BBE542B53209A00649628 /* MessageFromUserItem.swift */,
			);
			path = MessageFromUserItem;
			sourceTree = "<group>";
		};
		584BBE562B5320B200649628 /* MessageFromOtherItem */ = {
			isa = PBXGroup;
			children = (
				584BBE5A2B5320DA00649628 /* MessageFromOtherItem.swift */,
			);
			path = MessageFromOtherItem;
			sourceTree = "<group>";
		};
		584BBE572B5320BA00649628 /* MessageDateItem */ = {
			isa = PBXGroup;
			children = (
				584BBE582B5320CB00649628 /* MessageDateItem.swift */,
			);
			path = MessageDateItem;
			sourceTree = "<group>";
		};
		5866D9372B5D161B00299A74 /* Frameworks */ = {
			isa = PBXGroup;
			children = (
				5866D9382B5D161B00299A74 /* WANetworkAPI */,
			);
			name = Frameworks;
			sourceTree = "<group>";
		};
		587052122B503C1C00E08A89 = {
			isa = PBXGroup;
			children = (
				583F0AAB2B5D342500F83B32 /* Project */,
				5870521D2B503C1D00E08A89 /* whatsapp */,
				587052332B503C2200E08A89 /* whatsappTests */,
				5870523D2B503C2200E08A89 /* whatsappUITests */,
				5870521C2B503C1D00E08A89 /* Products */,
				5866D9372B5D161B00299A74 /* Frameworks */,
			);
			sourceTree = "<group>";
		};
		5870521C2B503C1D00E08A89 /* Products */ = {
			isa = PBXGroup;
			children = (
				5870521B2B503C1D00E08A89 /* whatsapp.app */,
				587052302B503C2200E08A89 /* whatsappTests.xctest */,
				5870523A2B503C2200E08A89 /* whatsappUITests.xctest */,
			);
			name = Products;
			sourceTree = "<group>";
		};
		5870521D2B503C1D00E08A89 /* whatsapp */ = {
			isa = PBXGroup;
			children = (
				58E434F52B6F2F8B0099D490 /* Dependency */,
				583F0AA92B5D308E00F83B32 /* Info.plist */,
				583F0AA62B5D2D2400F83B32 /* Environment */,
				584BBE342B52D1BC00649628 /* Screen */,
				584BBE232B52C06200649628 /* Util */,
				584BBDFA2B52BE6B00649628 /* Resource */,
				5870524E2B50402800E08A89 /* Component */,
				5870521E2B503C1D00E08A89 /* whatsappApp.swift */,
				587052202B503C1D00E08A89 /* ContentView.swift */,
				587052272B503C2100E08A89 /* Persistence.swift */,
			);
			path = whatsapp;
			sourceTree = "<group>";
		};
		587052242B503C2100E08A89 /* Preview Content */ = {
			isa = PBXGroup;
			children = (
				587052252B503C2100E08A89 /* Preview Assets.xcassets */,
			);
			path = "Preview Content";
			sourceTree = "<group>";
		};
		587052332B503C2200E08A89 /* whatsappTests */ = {
			isa = PBXGroup;
			children = (
				587052342B503C2200E08A89 /* whatsappTests.swift */,
			);
			path = whatsappTests;
			sourceTree = "<group>";
		};
		5870523D2B503C2200E08A89 /* whatsappUITests */ = {
			isa = PBXGroup;
			children = (
				5870523E2B503C2200E08A89 /* whatsappUITests.swift */,
				587052402B503C2200E08A89 /* whatsappUITestsLaunchTests.swift */,
			);
			path = whatsappUITests;
			sourceTree = "<group>";
		};
		5870524E2B50402800E08A89 /* Component */ = {
			isa = PBXGroup;
			children = (
				583437B62B53AA7B0081B092 /* Shape */,
				584BBE572B5320BA00649628 /* MessageDateItem */,
				584BBE562B5320B200649628 /* MessageFromOtherItem */,
				584BBE532B53208200649628 /* MessageFromUserItem */,
				584BBE502B531C9500649628 /* SizableView */,
				5870524F2B50408100E08A89 /* MessageListItem */,
			);
			path = Component;
			sourceTree = "<group>";
		};
		5870524F2B50408100E08A89 /* MessageListItem */ = {
			isa = PBXGroup;
			children = (
				587052502B50409900E08A89 /* MessageListItem.swift */,
				584BBE322B52D19000649628 /* UnreadMessageBubble.swift */,
			);
			path = MessageListItem;
			sourceTree = "<group>";
		};
		58A023B42B789B7E0080EBCD /* Model */ = {
			isa = PBXGroup;
			children = (
				58E434FF2B6F3DA60099D490 /* Channel.swift */,
			);
			path = Model;
			sourceTree = "<group>";
		};
		58E434E82B6E9E810099D490 /* LoginScreen */ = {
			isa = PBXGroup;
			children = (
				58E434E92B6E9E8D0099D490 /* LoginScreen.swift */,
				58E434F12B6F2DD10099D490 /* LoginService.swift */,
				58E434EC2B6EA3A30099D490 /* LoginReducer.swift */,
			);
			path = LoginScreen;
			sourceTree = "<group>";
		};
		58E434F52B6F2F8B0099D490 /* Dependency */ = {
			isa = PBXGroup;
			children = (
				58E434F62B6F2F950099D490 /* ServiceDependency.swift */,
				58A023B52B789C4F0080EBCD /* ServiceDependency+Mock.swift */,
			);
			path = Dependency;
			sourceTree = "<group>";
		};
/* End PBXGroup section */

/* Begin PBXNativeTarget section */
		5870521A2B503C1D00E08A89 /* whatsapp */ = {
			isa = PBXNativeTarget;
			buildConfigurationList = 587052442B503C2200E08A89 /* Build configuration list for PBXNativeTarget "whatsapp" */;
			buildPhases = (
				587052172B503C1D00E08A89 /* Sources */,
				587052182B503C1D00E08A89 /* Frameworks */,
				587052192B503C1D00E08A89 /* Resources */,
				58A023BD2B78BA570080EBCD /* Embed Frameworks */,
			);
			buildRules = (
			);
			dependencies = (
			);
			name = whatsapp;
			packageProductDependencies = (
				5866D92E2B5D110D00299A74 /* ComposableArchitecture */,
				583F0AA42B5D2A8600F83B32 /* WANetworkAPI */,
				58B0341A2B701B980012CA0D /* Kingfisher */,
				58E0170E2B820688005AD74A /* Algorithms */,
			);
			productName = whatsapp;
			productReference = 5870521B2B503C1D00E08A89 /* whatsapp.app */;
			productType = "com.apple.product-type.application";
		};
		5870522F2B503C2200E08A89 /* whatsappTests */ = {
			isa = PBXNativeTarget;
			buildConfigurationList = 587052472B503C2200E08A89 /* Build configuration list for PBXNativeTarget "whatsappTests" */;
			buildPhases = (
				5870522C2B503C2200E08A89 /* Sources */,
				5870522D2B503C2200E08A89 /* Frameworks */,
				5870522E2B503C2200E08A89 /* Resources */,
			);
			buildRules = (
			);
			dependencies = (
				587052322B503C2200E08A89 /* PBXTargetDependency */,
			);
			name = whatsappTests;
			productName = whatsappTests;
			productReference = 587052302B503C2200E08A89 /* whatsappTests.xctest */;
			productType = "com.apple.product-type.bundle.unit-test";
		};
		587052392B503C2200E08A89 /* whatsappUITests */ = {
			isa = PBXNativeTarget;
			buildConfigurationList = 5870524A2B503C2200E08A89 /* Build configuration list for PBXNativeTarget "whatsappUITests" */;
			buildPhases = (
				587052362B503C2200E08A89 /* Sources */,
				587052372B503C2200E08A89 /* Frameworks */,
				587052382B503C2200E08A89 /* Resources */,
			);
			buildRules = (
			);
			dependencies = (
				5870523C2B503C2200E08A89 /* PBXTargetDependency */,
			);
			name = whatsappUITests;
			productName = whatsappUITests;
			productReference = 5870523A2B503C2200E08A89 /* whatsappUITests.xctest */;
			productType = "com.apple.product-type.bundle.ui-testing";
		};
/* End PBXNativeTarget section */

/* Begin PBXProject section */
		587052132B503C1C00E08A89 /* Project object */ = {
			isa = PBXProject;
			attributes = {
				BuildIndependentTargetsInParallel = 1;
				LastSwiftUpdateCheck = 1510;
				LastUpgradeCheck = 1510;
				TargetAttributes = {
					5870521A2B503C1D00E08A89 = {
						CreatedOnToolsVersion = 15.1;
					};
					5870522F2B503C2200E08A89 = {
						CreatedOnToolsVersion = 15.1;
						TestTargetID = 5870521A2B503C1D00E08A89;
					};
					587052392B503C2200E08A89 = {
						CreatedOnToolsVersion = 15.1;
						TestTargetID = 5870521A2B503C1D00E08A89;
					};
				};
			};
			buildConfigurationList = 587052162B503C1C00E08A89 /* Build configuration list for PBXProject "whatsapp" */;
			compatibilityVersion = "Xcode 14.0";
			developmentRegion = en;
			hasScannedForEncodings = 0;
			knownRegions = (
				en,
				Base,
			);
			mainGroup = 587052122B503C1C00E08A89;
			packageReferences = (
				5866D92D2B5D110D00299A74 /* XCRemoteSwiftPackageReference "swift-composable-architecture" */,
				583F0AA32B5D2A8600F83B32 /* XCLocalSwiftPackageReference "Project/WANetworkAPI" */,
				58B034192B701B980012CA0D /* XCRemoteSwiftPackageReference "Kingfisher" */,
				58E0170D2B820688005AD74A /* XCRemoteSwiftPackageReference "swift-algorithms" */,
			);
			productRefGroup = 5870521C2B503C1D00E08A89 /* Products */;
			projectDirPath = "";
			projectRoot = "";
			targets = (
				5870521A2B503C1D00E08A89 /* whatsapp */,
				5870522F2B503C2200E08A89 /* whatsappTests */,
				587052392B503C2200E08A89 /* whatsappUITests */,
			);
		};
/* End PBXProject section */

/* Begin PBXResourcesBuildPhase section */
		587052192B503C1D00E08A89 /* Resources */ = {
			isa = PBXResourcesBuildPhase;
			buildActionMask = 2147483647;
			files = (
				583F0AAD2B5D342500F83B32 /* WANetworkAPI in Resources */,
				584BBE2C2B52C57B00649628 /* NanumGothicBold.otf in Resources */,
				587052262B503C2100E08A89 /* Preview Assets.xcassets in Resources */,
				58F1F0B92B6FA2DF007A5DCC /* WAFoundation in Resources */,
				584BBE2F2B52C57B00649628 /* NanumGothicLight.otf in Resources */,
				587052232B503C2100E08A89 /* Assets.xcassets in Resources */,
				584BBE2E2B52C57B00649628 /* NanumGothicExtraBold.otf in Resources */,
				584BBE2D2B52C57B00649628 /* NanumGothic.otf in Resources */,
			);
			runOnlyForDeploymentPostprocessing = 0;
		};
		5870522E2B503C2200E08A89 /* Resources */ = {
			isa = PBXResourcesBuildPhase;
			buildActionMask = 2147483647;
			files = (
			);
			runOnlyForDeploymentPostprocessing = 0;
		};
		587052382B503C2200E08A89 /* Resources */ = {
			isa = PBXResourcesBuildPhase;
			buildActionMask = 2147483647;
			files = (
			);
			runOnlyForDeploymentPostprocessing = 0;
		};
/* End PBXResourcesBuildPhase section */

/* Begin PBXSourcesBuildPhase section */
		587052172B503C1D00E08A89 /* Sources */ = {
			isa = PBXSourcesBuildPhase;
			buildActionMask = 2147483647;
			files = (
				584BBE482B52E6CF00649628 /* MainScreen.swift in Sources */,
				58E435012B6F3DA60099D490 /* Channel.swift in Sources */,
				584BBE262B52C07700649628 /* Font+NanumGothic.swift in Sources */,
				587052282B503C2100E08A89 /* Persistence.swift in Sources */,
				584BBE4C2B5308CE00649628 /* MessageDetailScreen.swift in Sources */,
				583F0AA82B5D2D3500F83B32 /* StoreEnvironment.swift in Sources */,
				5870522B2B503C2100E08A89 /* whatsapp.xcdatamodeld in Sources */,
				584BBE3C2B52D43900649628 /* EdgeInsets.swift in Sources */,
				584BBE312B52CD1F00649628 /* Calendar.swift in Sources */,
				584BBE412B52DB1B00649628 /* WelcomeScreen.swift in Sources */,
				584BBE552B53209A00649628 /* MessageFromUserItem.swift in Sources */,
				587052212B503C1D00E08A89 /* ContentView.swift in Sources */,
				584BBE362B52D1C800649628 /* ChannelListScreen.swift in Sources */,
				58E435002B6F3DA60099D490 /* ChannelListReducer.swift in Sources */,
				58E434ED2B6EA3A30099D490 /* LoginReducer.swift in Sources */,
				58F1F0B42B6F6E74007A5DCC /* ChannelListService.swift in Sources */,
				58E434EA2B6E9E8D0099D490 /* LoginScreen.swift in Sources */,
				584BBE332B52D19000649628 /* UnreadMessageBubble.swift in Sources */,
				584BBE522B531CA000649628 /* SizableView.swift in Sources */,
				58A023B82B789C800080EBCD /* ChannelListService+Mock.swift in Sources */,
				58E434F72B6F2F950099D490 /* ServiceDependency.swift in Sources */,
				58E434F22B6F2DD10099D490 /* LoginService.swift in Sources */,
				58E434F92B6F30690099D490 /* MainReducer.swift in Sources */,
				58A023BA2B789FAD0080EBCD /* Date+Extension.swift in Sources */,
				584BBE452B52E0E400649628 /* Text+StringStyleable.swift in Sources */,
				584BBE3F2B52D99700649628 /* HomeScreen.swift in Sources */,
				584BBE5B2B5320DA00649628 /* MessageFromOtherItem.swift in Sources */,
				58A023B62B789C4F0080EBCD /* ServiceDependency+Mock.swift in Sources */,
				5870521F2B503C1D00E08A89 /* whatsappApp.swift in Sources */,
				584BBE432B52E04C00649628 /* StringStyleable.swift in Sources */,
				584BBE592B5320CB00649628 /* MessageDateItem.swift in Sources */,
				583437B82B53AA840081B092 /* RoundedCorner.swift in Sources */,
				587052512B50409900E08A89 /* MessageListItem.swift in Sources */,
			);
			runOnlyForDeploymentPostprocessing = 0;
		};
		5870522C2B503C2200E08A89 /* Sources */ = {
			isa = PBXSourcesBuildPhase;
			buildActionMask = 2147483647;
			files = (
				587052352B503C2200E08A89 /* whatsappTests.swift in Sources */,
			);
			runOnlyForDeploymentPostprocessing = 0;
		};
		587052362B503C2200E08A89 /* Sources */ = {
			isa = PBXSourcesBuildPhase;
			buildActionMask = 2147483647;
			files = (
				587052412B503C2200E08A89 /* whatsappUITestsLaunchTests.swift in Sources */,
				5870523F2B503C2200E08A89 /* whatsappUITests.swift in Sources */,
			);
			runOnlyForDeploymentPostprocessing = 0;
		};
/* End PBXSourcesBuildPhase section */

/* Begin PBXTargetDependency section */
		587052322B503C2200E08A89 /* PBXTargetDependency */ = {
			isa = PBXTargetDependency;
			target = 5870521A2B503C1D00E08A89 /* whatsapp */;
			targetProxy = 587052312B503C2200E08A89 /* PBXContainerItemProxy */;
		};
		5870523C2B503C2200E08A89 /* PBXTargetDependency */ = {
			isa = PBXTargetDependency;
			target = 5870521A2B503C1D00E08A89 /* whatsapp */;
			targetProxy = 5870523B2B503C2200E08A89 /* PBXContainerItemProxy */;
		};
/* End PBXTargetDependency section */

/* Begin XCBuildConfiguration section */
		587052422B503C2200E08A89 /* Debug */ = {
			isa = XCBuildConfiguration;
			buildSettings = {
				ALWAYS_SEARCH_USER_PATHS = NO;
				ASSETCATALOG_COMPILER_GENERATE_SWIFT_ASSET_SYMBOL_EXTENSIONS = YES;
				CLANG_ANALYZER_NONNULL = YES;
				CLANG_ANALYZER_NUMBER_OBJECT_CONVERSION = YES_AGGRESSIVE;
				CLANG_CXX_LANGUAGE_STANDARD = "gnu++20";
				CLANG_ENABLE_MODULES = YES;
				CLANG_ENABLE_OBJC_ARC = YES;
				CLANG_ENABLE_OBJC_WEAK = YES;
				CLANG_WARN_BLOCK_CAPTURE_AUTORELEASING = YES;
				CLANG_WARN_BOOL_CONVERSION = YES;
				CLANG_WARN_COMMA = YES;
				CLANG_WARN_CONSTANT_CONVERSION = YES;
				CLANG_WARN_DEPRECATED_OBJC_IMPLEMENTATIONS = YES;
				CLANG_WARN_DIRECT_OBJC_ISA_USAGE = YES_ERROR;
				CLANG_WARN_DOCUMENTATION_COMMENTS = YES;
				CLANG_WARN_EMPTY_BODY = YES;
				CLANG_WARN_ENUM_CONVERSION = YES;
				CLANG_WARN_INFINITE_RECURSION = YES;
				CLANG_WARN_INT_CONVERSION = YES;
				CLANG_WARN_NON_LITERAL_NULL_CONVERSION = YES;
				CLANG_WARN_OBJC_IMPLICIT_RETAIN_SELF = YES;
				CLANG_WARN_OBJC_LITERAL_CONVERSION = YES;
				CLANG_WARN_OBJC_ROOT_CLASS = YES_ERROR;
				CLANG_WARN_QUOTED_INCLUDE_IN_FRAMEWORK_HEADER = YES;
				CLANG_WARN_RANGE_LOOP_ANALYSIS = YES;
				CLANG_WARN_STRICT_PROTOTYPES = YES;
				CLANG_WARN_SUSPICIOUS_MOVE = YES;
				CLANG_WARN_UNGUARDED_AVAILABILITY = YES_AGGRESSIVE;
				CLANG_WARN_UNREACHABLE_CODE = YES;
				CLANG_WARN__DUPLICATE_METHOD_MATCH = YES;
				COPY_PHASE_STRIP = NO;
				DEBUG_INFORMATION_FORMAT = dwarf;
				ENABLE_STRICT_OBJC_MSGSEND = YES;
				ENABLE_TESTABILITY = YES;
				ENABLE_USER_SCRIPT_SANDBOXING = YES;
				GCC_C_LANGUAGE_STANDARD = gnu17;
				GCC_DYNAMIC_NO_PIC = NO;
				GCC_NO_COMMON_BLOCKS = YES;
				GCC_OPTIMIZATION_LEVEL = 0;
				GCC_PREPROCESSOR_DEFINITIONS = (
					"DEBUG=1",
					"$(inherited)",
				);
				GCC_WARN_64_TO_32_BIT_CONVERSION = YES;
				GCC_WARN_ABOUT_RETURN_TYPE = YES_ERROR;
				GCC_WARN_UNDECLARED_SELECTOR = YES;
				GCC_WARN_UNINITIALIZED_AUTOS = YES_AGGRESSIVE;
				GCC_WARN_UNUSED_FUNCTION = YES;
				GCC_WARN_UNUSED_VARIABLE = YES;
				IPHONEOS_DEPLOYMENT_TARGET = 17.2;
				LOCALIZATION_PREFERS_STRING_CATALOGS = YES;
				MTL_ENABLE_DEBUG_INFO = INCLUDE_SOURCE;
				MTL_FAST_MATH = YES;
				ONLY_ACTIVE_ARCH = YES;
				SDKROOT = iphoneos;
				SWIFT_ACTIVE_COMPILATION_CONDITIONS = "DEBUG $(inherited)";
				SWIFT_OPTIMIZATION_LEVEL = "-Onone";
			};
			name = Debug;
		};
		587052432B503C2200E08A89 /* Release */ = {
			isa = XCBuildConfiguration;
			buildSettings = {
				ALWAYS_SEARCH_USER_PATHS = NO;
				ASSETCATALOG_COMPILER_GENERATE_SWIFT_ASSET_SYMBOL_EXTENSIONS = YES;
				CLANG_ANALYZER_NONNULL = YES;
				CLANG_ANALYZER_NUMBER_OBJECT_CONVERSION = YES_AGGRESSIVE;
				CLANG_CXX_LANGUAGE_STANDARD = "gnu++20";
				CLANG_ENABLE_MODULES = YES;
				CLANG_ENABLE_OBJC_ARC = YES;
				CLANG_ENABLE_OBJC_WEAK = YES;
				CLANG_WARN_BLOCK_CAPTURE_AUTORELEASING = YES;
				CLANG_WARN_BOOL_CONVERSION = YES;
				CLANG_WARN_COMMA = YES;
				CLANG_WARN_CONSTANT_CONVERSION = YES;
				CLANG_WARN_DEPRECATED_OBJC_IMPLEMENTATIONS = YES;
				CLANG_WARN_DIRECT_OBJC_ISA_USAGE = YES_ERROR;
				CLANG_WARN_DOCUMENTATION_COMMENTS = YES;
				CLANG_WARN_EMPTY_BODY = YES;
				CLANG_WARN_ENUM_CONVERSION = YES;
				CLANG_WARN_INFINITE_RECURSION = YES;
				CLANG_WARN_INT_CONVERSION = YES;
				CLANG_WARN_NON_LITERAL_NULL_CONVERSION = YES;
				CLANG_WARN_OBJC_IMPLICIT_RETAIN_SELF = YES;
				CLANG_WARN_OBJC_LITERAL_CONVERSION = YES;
				CLANG_WARN_OBJC_ROOT_CLASS = YES_ERROR;
				CLANG_WARN_QUOTED_INCLUDE_IN_FRAMEWORK_HEADER = YES;
				CLANG_WARN_RANGE_LOOP_ANALYSIS = YES;
				CLANG_WARN_STRICT_PROTOTYPES = YES;
				CLANG_WARN_SUSPICIOUS_MOVE = YES;
				CLANG_WARN_UNGUARDED_AVAILABILITY = YES_AGGRESSIVE;
				CLANG_WARN_UNREACHABLE_CODE = YES;
				CLANG_WARN__DUPLICATE_METHOD_MATCH = YES;
				COPY_PHASE_STRIP = NO;
				DEBUG_INFORMATION_FORMAT = "dwarf-with-dsym";
				ENABLE_NS_ASSERTIONS = NO;
				ENABLE_STRICT_OBJC_MSGSEND = YES;
				ENABLE_USER_SCRIPT_SANDBOXING = YES;
				GCC_C_LANGUAGE_STANDARD = gnu17;
				GCC_NO_COMMON_BLOCKS = YES;
				GCC_WARN_64_TO_32_BIT_CONVERSION = YES;
				GCC_WARN_ABOUT_RETURN_TYPE = YES_ERROR;
				GCC_WARN_UNDECLARED_SELECTOR = YES;
				GCC_WARN_UNINITIALIZED_AUTOS = YES_AGGRESSIVE;
				GCC_WARN_UNUSED_FUNCTION = YES;
				GCC_WARN_UNUSED_VARIABLE = YES;
				IPHONEOS_DEPLOYMENT_TARGET = 17.2;
				LOCALIZATION_PREFERS_STRING_CATALOGS = YES;
				MTL_ENABLE_DEBUG_INFO = NO;
				MTL_FAST_MATH = YES;
				SDKROOT = iphoneos;
				SWIFT_COMPILATION_MODE = wholemodule;
				VALIDATE_PRODUCT = YES;
			};
			name = Release;
		};
		587052452B503C2200E08A89 /* Debug */ = {
			isa = XCBuildConfiguration;
			buildSettings = {
				ASSETCATALOG_COMPILER_APPICON_NAME = AppIcon;
				ASSETCATALOG_COMPILER_GLOBAL_ACCENT_COLOR_NAME = keyColor;
				CODE_SIGN_STYLE = Automatic;
				CURRENT_PROJECT_VERSION = 1;
				DEVELOPMENT_ASSET_PATHS = "\"whatsapp/Resource/Preview Content\"";
				DEVELOPMENT_TEAM = SM396Z3QTU;
				ENABLE_PREVIEWS = YES;
				GENERATE_INFOPLIST_FILE = YES;
				INFOPLIST_FILE = whatsapp/Info.plist;
				INFOPLIST_KEY_UIApplicationSceneManifest_Generation = YES;
				INFOPLIST_KEY_UIApplicationSupportsIndirectInputEvents = YES;
				INFOPLIST_KEY_UILaunchScreen_Generation = YES;
				INFOPLIST_KEY_UISupportedInterfaceOrientations = UIInterfaceOrientationPortrait;
				IPHONEOS_DEPLOYMENT_TARGET = 16.0;
				LD_RUNPATH_SEARCH_PATHS = (
					"$(inherited)",
					"@executable_path/Frameworks",
				);
				MARKETING_VERSION = 1.0;
				PRODUCT_BUNDLE_IDENTIFIER = io.github.sooakim.whatsapp;
				PRODUCT_NAME = "$(TARGET_NAME)";
				SWIFT_EMIT_LOC_STRINGS = YES;
				SWIFT_VERSION = 5.0;
				TARGETED_DEVICE_FAMILY = "1,2";
			};
			name = Debug;
		};
		587052462B503C2200E08A89 /* Release */ = {
			isa = XCBuildConfiguration;
			buildSettings = {
				ASSETCATALOG_COMPILER_APPICON_NAME = AppIcon;
				ASSETCATALOG_COMPILER_GLOBAL_ACCENT_COLOR_NAME = keyColor;
				CODE_SIGN_STYLE = Automatic;
				CURRENT_PROJECT_VERSION = 1;
				DEVELOPMENT_ASSET_PATHS = "\"whatsapp/Resource/Preview Content\"";
				DEVELOPMENT_TEAM = SM396Z3QTU;
				ENABLE_PREVIEWS = YES;
				GENERATE_INFOPLIST_FILE = YES;
				INFOPLIST_FILE = whatsapp/Info.plist;
				INFOPLIST_KEY_UIApplicationSceneManifest_Generation = YES;
				INFOPLIST_KEY_UIApplicationSupportsIndirectInputEvents = YES;
				INFOPLIST_KEY_UILaunchScreen_Generation = YES;
				INFOPLIST_KEY_UISupportedInterfaceOrientations = UIInterfaceOrientationPortrait;
				IPHONEOS_DEPLOYMENT_TARGET = 16.0;
				LD_RUNPATH_SEARCH_PATHS = (
					"$(inherited)",
					"@executable_path/Frameworks",
				);
				MARKETING_VERSION = 1.0;
				PRODUCT_BUNDLE_IDENTIFIER = io.github.sooakim.whatsapp;
				PRODUCT_NAME = "$(TARGET_NAME)";
				SWIFT_EMIT_LOC_STRINGS = YES;
				SWIFT_VERSION = 5.0;
				TARGETED_DEVICE_FAMILY = "1,2";
			};
			name = Release;
		};
		587052482B503C2200E08A89 /* Debug */ = {
			isa = XCBuildConfiguration;
			buildSettings = {
				ALWAYS_EMBED_SWIFT_STANDARD_LIBRARIES = YES;
				BUNDLE_LOADER = "$(TEST_HOST)";
				CODE_SIGN_STYLE = Automatic;
				CURRENT_PROJECT_VERSION = 1;
				DEVELOPMENT_TEAM = SM396Z3QTU;
				GENERATE_INFOPLIST_FILE = YES;
				IPHONEOS_DEPLOYMENT_TARGET = 17.2;
				MARKETING_VERSION = 1.0;
				PRODUCT_BUNDLE_IDENTIFIER = io.github.sooakim.whatsappTests;
				PRODUCT_NAME = "$(TARGET_NAME)";
				SWIFT_EMIT_LOC_STRINGS = NO;
				SWIFT_VERSION = 5.0;
				TARGETED_DEVICE_FAMILY = "1,2";
				TEST_HOST = "$(BUILT_PRODUCTS_DIR)/whatsapp.app/$(BUNDLE_EXECUTABLE_FOLDER_PATH)/whatsapp";
			};
			name = Debug;
		};
		587052492B503C2200E08A89 /* Release */ = {
			isa = XCBuildConfiguration;
			buildSettings = {
				ALWAYS_EMBED_SWIFT_STANDARD_LIBRARIES = YES;
				BUNDLE_LOADER = "$(TEST_HOST)";
				CODE_SIGN_STYLE = Automatic;
				CURRENT_PROJECT_VERSION = 1;
				DEVELOPMENT_TEAM = SM396Z3QTU;
				GENERATE_INFOPLIST_FILE = YES;
				IPHONEOS_DEPLOYMENT_TARGET = 17.2;
				MARKETING_VERSION = 1.0;
				PRODUCT_BUNDLE_IDENTIFIER = io.github.sooakim.whatsappTests;
				PRODUCT_NAME = "$(TARGET_NAME)";
				SWIFT_EMIT_LOC_STRINGS = NO;
				SWIFT_VERSION = 5.0;
				TARGETED_DEVICE_FAMILY = "1,2";
				TEST_HOST = "$(BUILT_PRODUCTS_DIR)/whatsapp.app/$(BUNDLE_EXECUTABLE_FOLDER_PATH)/whatsapp";
			};
			name = Release;
		};
		5870524B2B503C2200E08A89 /* Debug */ = {
			isa = XCBuildConfiguration;
			buildSettings = {
				ALWAYS_EMBED_SWIFT_STANDARD_LIBRARIES = YES;
				CODE_SIGN_STYLE = Automatic;
				CURRENT_PROJECT_VERSION = 1;
				DEVELOPMENT_TEAM = SM396Z3QTU;
				GENERATE_INFOPLIST_FILE = YES;
				MARKETING_VERSION = 1.0;
				PRODUCT_BUNDLE_IDENTIFIER = io.github.sooakim.whatsappUITests;
				PRODUCT_NAME = "$(TARGET_NAME)";
				SWIFT_EMIT_LOC_STRINGS = NO;
				SWIFT_VERSION = 5.0;
				TARGETED_DEVICE_FAMILY = "1,2";
				TEST_TARGET_NAME = whatsapp;
			};
			name = Debug;
		};
		5870524C2B503C2200E08A89 /* Release */ = {
			isa = XCBuildConfiguration;
			buildSettings = {
				ALWAYS_EMBED_SWIFT_STANDARD_LIBRARIES = YES;
				CODE_SIGN_STYLE = Automatic;
				CURRENT_PROJECT_VERSION = 1;
				DEVELOPMENT_TEAM = SM396Z3QTU;
				GENERATE_INFOPLIST_FILE = YES;
				MARKETING_VERSION = 1.0;
				PRODUCT_BUNDLE_IDENTIFIER = io.github.sooakim.whatsappUITests;
				PRODUCT_NAME = "$(TARGET_NAME)";
				SWIFT_EMIT_LOC_STRINGS = NO;
				SWIFT_VERSION = 5.0;
				TARGETED_DEVICE_FAMILY = "1,2";
				TEST_TARGET_NAME = whatsapp;
			};
			name = Release;
		};
/* End XCBuildConfiguration section */

/* Begin XCConfigurationList section */
		587052162B503C1C00E08A89 /* Build configuration list for PBXProject "whatsapp" */ = {
			isa = XCConfigurationList;
			buildConfigurations = (
				587052422B503C2200E08A89 /* Debug */,
				587052432B503C2200E08A89 /* Release */,
			);
			defaultConfigurationIsVisible = 0;
			defaultConfigurationName = Release;
		};
		587052442B503C2200E08A89 /* Build configuration list for PBXNativeTarget "whatsapp" */ = {
			isa = XCConfigurationList;
			buildConfigurations = (
				587052452B503C2200E08A89 /* Debug */,
				587052462B503C2200E08A89 /* Release */,
			);
			defaultConfigurationIsVisible = 0;
			defaultConfigurationName = Release;
		};
		587052472B503C2200E08A89 /* Build configuration list for PBXNativeTarget "whatsappTests" */ = {
			isa = XCConfigurationList;
			buildConfigurations = (
				587052482B503C2200E08A89 /* Debug */,
				587052492B503C2200E08A89 /* Release */,
			);
			defaultConfigurationIsVisible = 0;
			defaultConfigurationName = Release;
		};
		5870524A2B503C2200E08A89 /* Build configuration list for PBXNativeTarget "whatsappUITests" */ = {
			isa = XCConfigurationList;
			buildConfigurations = (
				5870524B2B503C2200E08A89 /* Debug */,
				5870524C2B503C2200E08A89 /* Release */,
			);
			defaultConfigurationIsVisible = 0;
			defaultConfigurationName = Release;
		};
/* End XCConfigurationList section */

/* Begin XCLocalSwiftPackageReference section */
		583F0AA32B5D2A8600F83B32 /* XCLocalSwiftPackageReference "Project/WANetworkAPI" */ = {
			isa = XCLocalSwiftPackageReference;
			relativePath = Project/WANetworkAPI;
		};
/* End XCLocalSwiftPackageReference section */

/* Begin XCRemoteSwiftPackageReference section */
		5866D92D2B5D110D00299A74 /* XCRemoteSwiftPackageReference "swift-composable-architecture" */ = {
			isa = XCRemoteSwiftPackageReference;
			repositoryURL = "https://github.com/pointfreeco/swift-composable-architecture";
			requirement = {
				kind = upToNextMajorVersion;
				minimumVersion = 1.6.0;
			};
		};
		58B034192B701B980012CA0D /* XCRemoteSwiftPackageReference "Kingfisher" */ = {
			isa = XCRemoteSwiftPackageReference;
			repositoryURL = "https://github.com/onevcat/Kingfisher.git";
			requirement = {
				kind = upToNextMajorVersion;
				minimumVersion = 7.0.0;
			};
		};
		58E0170D2B820688005AD74A /* XCRemoteSwiftPackageReference "swift-algorithms" */ = {
			isa = XCRemoteSwiftPackageReference;
			repositoryURL = "https://github.com/apple/swift-algorithms.git";
			requirement = {
				kind = upToNextMajorVersion;
				minimumVersion = 1.2.0;
			};
		};
/* End XCRemoteSwiftPackageReference section */

/* Begin XCSwiftPackageProductDependency section */
		583F0AA42B5D2A8600F83B32 /* WANetworkAPI */ = {
			isa = XCSwiftPackageProductDependency;
			productName = WANetworkAPI;
		};
		5866D92E2B5D110D00299A74 /* ComposableArchitecture */ = {
			isa = XCSwiftPackageProductDependency;
			package = 5866D92D2B5D110D00299A74 /* XCRemoteSwiftPackageReference "swift-composable-architecture" */;
			productName = ComposableArchitecture;
		};
		58B0341A2B701B980012CA0D /* Kingfisher */ = {
			isa = XCSwiftPackageProductDependency;
			package = 58B034192B701B980012CA0D /* XCRemoteSwiftPackageReference "Kingfisher" */;
			productName = Kingfisher;
		};
		58E0170E2B820688005AD74A /* Algorithms */ = {
			isa = XCSwiftPackageProductDependency;
			package = 58E0170D2B820688005AD74A /* XCRemoteSwiftPackageReference "swift-algorithms" */;
			productName = Algorithms;
		};
/* End XCSwiftPackageProductDependency section */

/* Begin XCVersionGroup section */
		587052292B503C2100E08A89 /* whatsapp.xcdatamodeld */ = {
			isa = XCVersionGroup;
			children = (
				5870522A2B503C2100E08A89 /* whatsapp.xcdatamodel */,
			);
			currentVersion = 5870522A2B503C2100E08A89 /* whatsapp.xcdatamodel */;
			path = whatsapp.xcdatamodeld;
			sourceTree = "<group>";
			versionGroupType = wrapper.xcdatamodel;
		};
/* End XCVersionGroup section */
	};
	rootObject = 587052132B503C1C00E08A89 /* Project object */;
}
